
Microsoft Visual Studio Solution File, Format Version 12.00
# Visual Studio Version 16
VisualStudioVersion = 16.0.810.11
MinimumVisualStudioVersion = 10.0.40219.1
Project("{FAE04EC0-301F-11D3-BF4B-00C04F79EFBC}") = "ViewComponentProject", "ViewComponentProject\ViewComponentProject.csproj", "{9EEDAEF4-E260-42D3-9B7B-38960C18D5B9}"
EndProject
Global
	GlobalSection(SolutionConfigurationPlatforms) = preSolution
		Debug|Any CPU = Debug|Any CPU
		Release|Any CPU = Release|Any CPU
	EndGlobalSection
	GlobalSection(ProjectConfigurationPlatforms) = postSolution
		{9EEDAEF4-E260-42D3-9B7B-38960C18D5B9}.Debug|Any CPU.ActiveCfg = Debug|Any CPU
		{9EEDAEF4-E260-42D3-9B7B-38960C18D5B9}.Debug|Any CPU.Build.0 = Debug|Any CPU
		{9EEDAEF4-E260-42D3-9B7B-38960C18D5B9}.Release|Any CPU.ActiveCfg = Release|Any CPU
		{9EEDAEF4-E260-42D3-9B7B-38960C18D5B9}.Release|Any CPU.Build.0 = Release|Any CPU
	EndGlobalSection
	GlobalSection(SolutionProperties) = preSolution
		HideSolutionNode = FALSE
	EndGlobalSection
	GlobalSection(ExtensibilityGlobals) = postSolution
		SolutionGuid = {8583F84F-8A46-4B5B-9E0C-1E9EF4EB98D1}
	EndGlobalSection
EndGlobal
