
Microsoft Visual Studio Solution File, Format Version 12.00
# Visual Studio Version 16
VisualStudioVersion = 16.0.29806.167
MinimumVisualStudioVersion = 10.0.40219.1
Project("{FAE04EC0-301F-11D3-BF4B-00C04F79EFBC}") = "Odev1", "Odev1.csproj", "{EB32B59D-440A-4F38-A25B-B1DF933DA7CC}"
EndProject
Global
	GlobalSection(SolutionConfigurationPlatforms) = preSolution
		Debug|Any CPU = Debug|Any CPU
		Release|Any CPU = Release|Any CPU
	EndGlobalSection
	GlobalSection(ProjectConfigurationPlatforms) = postSolution
		{EB32B59D-440A-4F38-A25B-B1DF933DA7CC}.Debug|Any CPU.ActiveCfg = Debug|Any CPU
		{EB32B59D-440A-4F38-A25B-B1DF933DA7CC}.Debug|Any CPU.Build.0 = Debug|Any CPU
		{EB32B59D-440A-4F38-A25B-B1DF933DA7CC}.Release|Any CPU.ActiveCfg = Release|Any CPU
		{EB32B59D-440A-4F38-A25B-B1DF933DA7CC}.Release|Any CPU.Build.0 = Release|Any CPU
	EndGlobalSection
	GlobalSection(SolutionProperties) = preSolution
		HideSolutionNode = FALSE
	EndGlobalSection
	GlobalSection(ExtensibilityGlobals) = postSolution
		SolutionGuid = {558CFB28-EBF6-434A-9501-29BDE7E85245}
	EndGlobalSection
EndGlobal
