
Microsoft Visual Studio Solution File, Format Version 12.00
# Visual Studio Version 16
VisualStudioVersion = 16.0.810.11
MinimumVisualStudioVersion = 10.0.40219.1
Project("{FAE04EC0-301F-11D3-BF4B-00C04F79EFBC}") = "Second", "Second\Second.csproj", "{A1B260E1-0950-40BA-A784-2B71D68659F6}"
EndProject
Global
	GlobalSection(SolutionConfigurationPlatforms) = preSolution
		Debug|Any CPU = Debug|Any CPU
		Release|Any CPU = Release|Any CPU
	EndGlobalSection
	GlobalSection(ProjectConfigurationPlatforms) = postSolution
		{A1B260E1-0950-40BA-A784-2B71D68659F6}.Debug|Any CPU.ActiveCfg = Debug|Any CPU
		{A1B260E1-0950-40BA-A784-2B71D68659F6}.Debug|Any CPU.Build.0 = Debug|Any CPU
		{A1B260E1-0950-40BA-A784-2B71D68659F6}.Release|Any CPU.ActiveCfg = Release|Any CPU
		{A1B260E1-0950-40BA-A784-2B71D68659F6}.Release|Any CPU.Build.0 = Release|Any CPU
	EndGlobalSection
	GlobalSection(SolutionProperties) = preSolution
		HideSolutionNode = FALSE
	EndGlobalSection
	GlobalSection(ExtensibilityGlobals) = postSolution
		SolutionGuid = {871D38DA-A940-45B8-82CF-4DA30E68C2C8}
	EndGlobalSection
EndGlobal
