
Microsoft Visual Studio Solution File, Format Version 12.00
# Visual Studio Version 16
VisualStudioVersion = 16.0.31911.196
MinimumVisualStudioVersion = 10.0.40219.1
Project("{FAE04EC0-301F-11D3-BF4B-00C04F79EFBC}") = "MultiLangWithRes", "MultiLangWithRes\MultiLangWithRes.csproj", "{09C2913A-74B7-42C5-923B-DED158F52D0E}"
EndProject
Global
	GlobalSection(SolutionConfigurationPlatforms) = preSolution
		Debug|Any CPU = Debug|Any CPU
		Release|Any CPU = Release|Any CPU
	EndGlobalSection
	GlobalSection(ProjectConfigurationPlatforms) = postSolution
		{09C2913A-74B7-42C5-923B-DED158F52D0E}.Debug|Any CPU.ActiveCfg = Debug|Any CPU
		{09C2913A-74B7-42C5-923B-DED158F52D0E}.Debug|Any CPU.Build.0 = Debug|Any CPU
		{09C2913A-74B7-42C5-923B-DED158F52D0E}.Release|Any CPU.ActiveCfg = Release|Any CPU
		{09C2913A-74B7-42C5-923B-DED158F52D0E}.Release|Any CPU.Build.0 = Release|Any CPU
	EndGlobalSection
	GlobalSection(SolutionProperties) = preSolution
		HideSolutionNode = FALSE
	EndGlobalSection
	GlobalSection(ExtensibilityGlobals) = postSolution
		SolutionGuid = {DAD46832-40BB-4707-BCBF-3C708F6067B9}
	EndGlobalSection
EndGlobal
