
Microsoft Visual Studio Solution File, Format Version 12.00
# Visual Studio Version 16
VisualStudioVersion = 16.0.32002.261
MinimumVisualStudioVersion = 10.0.40219.1
Project("{FAE04EC0-301F-11D3-BF4B-00C04F79EFBC}") = "DependencyInjection", "DependencyInjection\DependencyInjection.csproj", "{2588BF44-47C7-47BF-B2A2-57ACA3BBFB2C}"
EndProject
Global
	GlobalSection(SolutionConfigurationPlatforms) = preSolution
		Debug|Any CPU = Debug|Any CPU
		Release|Any CPU = Release|Any CPU
	EndGlobalSection
	GlobalSection(ProjectConfigurationPlatforms) = postSolution
		{2588BF44-47C7-47BF-B2A2-57ACA3BBFB2C}.Debug|Any CPU.ActiveCfg = Debug|Any CPU
		{2588BF44-47C7-47BF-B2A2-57ACA3BBFB2C}.Debug|Any CPU.Build.0 = Debug|Any CPU
		{2588BF44-47C7-47BF-B2A2-57ACA3BBFB2C}.Release|Any CPU.ActiveCfg = Release|Any CPU
		{2588BF44-47C7-47BF-B2A2-57ACA3BBFB2C}.Release|Any CPU.Build.0 = Release|Any CPU
	EndGlobalSection
	GlobalSection(SolutionProperties) = preSolution
		HideSolutionNode = FALSE
	EndGlobalSection
	GlobalSection(ExtensibilityGlobals) = postSolution
		SolutionGuid = {F0E51374-2038-43C5-B26F-0AF677929F86}
	EndGlobalSection
EndGlobal
